{
  "nodes": {
    "alacritty": {
      "inputs": {
        "alacritty": "alacritty_2",
        "naersk": "naersk",
        "nixpkgs": "nixpkgs_2"
      },
      "locked": {
        "lastModified": 1605287809,
        "narHash": "sha256-Tfy4X0nXLWYdeI/M3YurLf69AwViTuVTWQGM+B3fYyg=",
        "owner": "cole-h",
        "repo": "flake-alacritty",
        "rev": "eb0d2bcc1cb1503c12e3b0a045ad9340b8c07ec6",
        "type": "github"
      },
      "original": {
        "owner": "cole-h",
        "repo": "flake-alacritty",
        "type": "github"
      }
    },
    "alacritty_2": {
      "flake": false,
      "locked": {
        "lastModified": 1605246009,
        "narHash": "sha256-uCNBlzkFASbVou+ALphqoyKvQyZ3AhZwkFdHPVRQpbY=",
        "owner": "alacritty",
        "repo": "alacritty",
        "rev": "9a7844987693909925b8663d8aa905231d291410",
        "type": "github"
      },
      "original": {
        "owner": "alacritty",
        "repo": "alacritty",
        "type": "github"
      }
    },
    "cachix": {
      "locked": {
        "lastModified": 1604368813,
        "narHash": "sha256-UOLaURSO448k+4bGJlaSMYeo2F5F6CuFo9VoYDkhmsk=",
        "owner": "nixos",
        "repo": "nixpkgs",
        "rev": "d105075a1fd870b1d1617a6008cb38b443e65433",
        "type": "github"
      },
      "original": {
        "owner": "nixos",
        "ref": "nixos-20.09",
        "repo": "nixpkgs",
        "type": "github"
      }
    },
    "cmpkgs": {
      "locked": {
        "lastModified": 1604628793,
        "narHash": "sha256-UcWa6b/KxpVAodtVeoOFlDTNM0aQNz45ANnYP20HaCA=",
        "owner": "colemickens",
        "repo": "nixpkgs",
        "rev": "efe53b2b7b2620d2241ff0a7ed0c28db4deaaec3",
        "type": "github"
      },
      "original": {
        "owner": "colemickens",
        "ref": "cmpkgs",
        "repo": "nixpkgs",
        "type": "github"
      }
    },
    "doom": {
      "flake": false,
      "locked": {
        "lastModified": 1605576122,
        "narHash": "sha256-sJvLK0rc+cUKDpSDLNChvjfMYJ81KZWokbfi0cJDiIs=",
        "owner": "hlissner",
        "repo": "doom-emacs",
        "rev": "d21b4e643dad7deef335143f8583e3e54575b32a",
        "type": "github"
      },
      "original": {
        "owner": "hlissner",
        "repo": "doom-emacs",
        "type": "github"
      }
    },
    "home": {
      "inputs": {
        "nixpkgs": [
          "large"
        ]
      },
      "locked": {
        "lastModified": 1604628022,
        "narHash": "sha256-zCbTh91NBQdGRtO+GZxfKnmRjp+4rOQ2B8wtNpVcxgs=",
        "owner": "rycee",
        "repo": "home-manager",
        "rev": "4cc1b77c3fc4f4b3bc61921dda72663eea962fa3",
        "type": "github"
      },
      "original": {
        "owner": "rycee",
        "repo": "home-manager",
        "type": "github"
      }
    },
    "large": {
      "locked": {
        "lastModified": 1603153815,
        "narHash": "sha256-uCav0CJ0Zm0vbqJiS9NUYD4XZg4Ww9bbsFzcDUzh2+U=",
        "owner": "nixos",
        "repo": "nixpkgs",
        "rev": "007126eef72271480cb7670e19e501a1ad2c1ff2",
        "type": "github"
      },
      "original": {
        "owner": "nixos",
        "ref": "nixos-unstable",
        "repo": "nixpkgs",
        "type": "github"
      }
    },
    "lowdown-src": {
      "flake": false,
      "locked": {
        "lastModified": 1598695561,
        "narHash": "sha256-gyH/5j+h/nWw0W8AcR2WKvNBUsiQ7QuxqSJNXAwV+8E=",
        "owner": "kristapsdz",
        "repo": "lowdown",
        "rev": "1705b4a26fbf065d9574dce47a94e8c7c79e052f",
        "type": "github"
      },
      "original": {
        "owner": "kristapsdz",
        "repo": "lowdown",
        "type": "github"
      }
    },
    "naersk": {
      "inputs": {
        "nixpkgs": "nixpkgs"
      },
      "locked": {
        "lastModified": 1605267184,
        "narHash": "sha256-0FSNlq6nN0/W88fg5kTkgRhAOQ8pI+uSZqBG9w49pMM=",
        "owner": "nmattia",
        "repo": "naersk",
        "rev": "ce273fa593dcc94a629d0d869f07d96d2b337e37",
        "type": "github"
      },
      "original": {
        "owner": "nmattia",
        "repo": "naersk",
        "type": "github"
      }
    },
    "naersk_2": {
      "inputs": {
        "nixpkgs": "nixpkgs_4"
      },
      "locked": {
        "lastModified": 1602173141,
        "narHash": "sha256-m6wU6lP0wf2OMw3KtJqn27ITtg29+ftciGHicLiVSGE=",
        "owner": "nmattia",
        "repo": "naersk",
        "rev": "22b96210b2433228d42bce460f3befbdcfde7520",
        "type": "github"
      },
      "original": {
        "owner": "nmattia",
        "repo": "naersk",
        "type": "github"
      }
    },
    "nix": {
      "inputs": {
        "lowdown-src": "lowdown-src",
        "nixpkgs": "nixpkgs_3"
      },
      "locked": {
        "lastModified": 1605624824,
        "narHash": "sha256-hJnqMzKKHjVrOTanOdb74kokOV/k5yFuQO2c2Jkm51A=",
        "owner": "nixos",
        "repo": "nix",
        "rev": "ae3191666f1828d9694fb615a721d409fb8582bd",
        "type": "github"
      },
      "original": {
        "owner": "nixos",
        "repo": "nix",
        "type": "github"
      }
    },
    "nixpkgs": {
      "locked": {
        "lastModified": 1605285213,
        "narHash": "sha256-FeR6C/+DxmrzJeCyJZnQLZugP9O2fOp0rWp9aV/xFys=",
        "owner": "NixOS",
        "repo": "nixpkgs",
        "rev": "c9845cdaeda85ceac5697e05e880380156c52868",
        "type": "github"
      },
      "original": {
        "id": "nixpkgs",
        "type": "indirect"
      }
    },
    "nixpkgs_2": {
      "locked": {
        "lastModified": 1605171959,
        "narHash": "sha256-JIM7QrQ2jpnA6qRfP8MzXD8USiWYStfL9Cssz01QvMw=",
        "owner": "nixos",
        "repo": "nixpkgs",
        "rev": "a371c1071161104d329f6a85d922fd92b7cbab63",
        "type": "github"
      },
      "original": {
        "owner": "nixos",
        "ref": "nixos-unstable",
        "repo": "nixpkgs",
        "type": "github"
      }
    },
    "nixpkgs_3": {
      "locked": {
        "lastModified": 1602702596,
        "narHash": "sha256-fqJ4UgOb4ZUnCDIapDb4gCrtAah5Rnr2/At3IzMitig=",
        "owner": "NixOS",
        "repo": "nixpkgs",
        "rev": "ad0d20345219790533ebe06571f82ed6b034db31",
        "type": "github"
      },
      "original": {
        "id": "nixpkgs",
        "ref": "nixos-20.09-small",
        "type": "indirect"
      }
    },
    "nixpkgs_4": {
      "locked": {
        "lastModified": 1603153815,
        "narHash": "sha256-uCav0CJ0Zm0vbqJiS9NUYD4XZg4Ww9bbsFzcDUzh2+U=",
        "path": "/nix/store/1gw4hczsp0ir5xs0n8sddda3vzsn902r-source",
        "rev": "007126eef72271480cb7670e19e501a1ad2c1ff2",
        "type": "path"
      },
      "original": {
        "id": "nixpkgs",
        "type": "indirect"
      }
    },
    "nixpkgs_5": {
      "locked": {
        "lastModified": 1603472399,
        "narHash": "sha256-AWaqGxP/MlFO67rk9SFBaxR73D99i04X3r6dGoqzAyo=",
        "owner": "nixos",
        "repo": "nixpkgs",
        "rev": "3c96aceb3c4d86ccd785fde05c1c978541584dbb",
        "type": "github"
      },
      "original": {
        "owner": "nixos",
        "ref": "master",
        "repo": "nixpkgs",
        "type": "github"
      }
    },
    "nixpkgs_6": {
      "locked": {
        "lastModified": 1605225031,
        "narHash": "sha256-W+7blIrccTCTyQCCE4aGn1cFrGIuTinN96GxZrJiojs=",
        "owner": "nixos",
        "repo": "nixpkgs",
        "rev": "2deeb58f49480f468adca6b08291322de4dbce6b",
        "type": "github"
      },
      "original": {
        "owner": "nixos",
        "ref": "nixos-unstable",
        "repo": "nixpkgs",
        "type": "github"
      }
    },
    "nixus": {
      "flake": false,
      "locked": {
        "lastModified": 1601222289,
        "narHash": "sha256-Y/C4NoE6ERHtlu3V/f6/W9eZ2RRzRZD1PG7XAYtO4Pg=",
        "owner": "infinisil",
        "repo": "nixus",
        "rev": "2127516f68ce6f900b38289985377559e69aab88",
        "type": "github"
      },
      "original": {
        "owner": "infinisil",
        "repo": "nixus",
        "type": "github"
      }
    },
    "passrs": {
      "inputs": {
        "naersk": "naersk_2",
        "nixpkgs": "nixpkgs_5"
      },
      "locked": {
        "lastModified": 1603474426,
        "narHash": "sha256-PQGUMV0tyourfJ0qSCQBcNtXMba/LAUzJd+PzqyTTxg=",
        "owner": "cole-h",
        "repo": "passrs",
        "rev": "edd91b51ebee9915a9f72c9ff102041a7a7f35db",
        "type": "github"
      },
      "original": {
        "owner": "cole-h",
        "repo": "passrs",
        "type": "github"
      }
    },
    "root": {
      "inputs": {
        "alacritty": "alacritty",
        "doom": "doom",
        "home": "home",
        "large": "large",
        "nix": "nix",
        "nixus": "nixus",
        "passrs": "passrs",
        "secrets": "secrets",
        "wayland": "wayland"
      }
    },
    "secrets": {
      "flake": false,
      "locked": {
        "lastModified": 1603399721,
        "narHash": "sha256-ym86RaTPCI8wO9ryT6KTRNcWQIYhB1jw9MSkFX3c++Y=",
        "ref": "master",
        "rev": "f36ed0e080f0c8548ed5ebf65984f49ee4caac1d",
        "revCount": 86,
        "type": "git",
        "url": "ssh://git@github.com/cole-h/nix-secrets.git"
      },
      "original": {
        "type": "git",
        "url": "ssh://git@github.com/cole-h/nix-secrets.git"
      }
    },
    "wayland": {
      "inputs": {
        "cachix": "cachix",
        "cmpkgs": "cmpkgs",
        "nixpkgs": "nixpkgs_6"
      },
      "locked": {
        "lastModified": 1605510521,
        "narHash": "sha256-A6zQYBh6M78RssrYeU1vC/wmdvzva5NcTSvjeq4UPzw=",
        "owner": "colemickens",
        "repo": "nixpkgs-wayland",
        "rev": "a4a2faf3af4316f3f4ef244853954036431cff58",
        "type": "github"
      },
      "original": {
        "owner": "colemickens",
        "repo": "nixpkgs-wayland",
        "type": "github"
      }
    }
  },
  "root": "root",
  "version": 7
}
